{
  "nodes": {
    "nixpkgs": {
      "locked": {
        "lastModified": 1770335736,
        "narHash": "sha256-kejbY45kK53xKRzqKbiy+AxU/6FMLuzQjW9uJTEDF7U=",
        "owner": "NixOs",
        "repo": "nixpkgs",
        "rev": "3b91d3991171d330eceba85fae28cad7d22f95ac",
        "type": "github"
      },
      "original": {
        "owner": "NixOs",
        "ref": "release-25.11",
        "repo": "nixpkgs",
        "type": "github"
      }
    },
    "root": {
      "inputs": {
        "nixpkgs": "nixpkgs"
      }
    }
  },
  "root": "root",
  "version": 7
}
